
Microsoft Visual Studio Solution File, Format Version 12.00
# Visual Studio Version 17
VisualStudioVersion = 17.2.32630.192
MinimumVisualStudioVersion = 10.0.40219.1
Project("{FAE04EC0-301F-11D3-BF4B-00C04F79EFBC}") = "HuertaEcologica-SIDominic", "HuertaEcologica-SIDominic.csproj", "{6A13955B-8B0A-4224-B1CA-760FB5FE7E96}"
EndProject
Project("{FAE04EC0-301F-11D3-BF4B-00C04F79EFBC}") = "ClasesDeLaHuerta", "..\ClasesDeLaHuerta\ClasesDeLaHuerta.csproj", "{09381B80-914E-4B77-A87B-35252BF235B7}"
EndProject
Global
	GlobalSection(SolutionConfigurationPlatforms) = preSolution
		Debug|Any CPU = Debug|Any CPU
		Release|Any CPU = Release|Any CPU
	EndGlobalSection
	GlobalSection(ProjectConfigurationPlatforms) = postSolution
		{6A13955B-8B0A-4224-B1CA-760FB5FE7E96}.Debug|Any CPU.ActiveCfg = Debug|Any CPU
		{6A13955B-8B0A-4224-B1CA-760FB5FE7E96}.Debug|Any CPU.Build.0 = Debug|Any CPU
		{6A13955B-8B0A-4224-B1CA-760FB5FE7E96}.Release|Any CPU.ActiveCfg = Release|Any CPU
		{6A13955B-8B0A-4224-B1CA-760FB5FE7E96}.Release|Any CPU.Build.0 = Release|Any CPU
		{09381B80-914E-4B77-A87B-35252BF235B7}.Debug|Any CPU.ActiveCfg = Debug|Any CPU
		{09381B80-914E-4B77-A87B-35252BF235B7}.Debug|Any CPU.Build.0 = Debug|Any CPU
		{09381B80-914E-4B77-A87B-35252BF235B7}.Release|Any CPU.ActiveCfg = Release|Any CPU
		{09381B80-914E-4B77-A87B-35252BF235B7}.Release|Any CPU.Build.0 = Release|Any CPU
	EndGlobalSection
	GlobalSection(SolutionProperties) = preSolution
		HideSolutionNode = FALSE
	EndGlobalSection
	GlobalSection(ExtensibilityGlobals) = postSolution
		SolutionGuid = {E034C51B-AB84-4FB4-B5C1-5A0DCDB3AA4E}
	EndGlobalSection
EndGlobal
